
Microsoft Visual Studio Solution File, Format Version 12.00
# Visual Studio Version 16
VisualStudioVersion = 16.0.31205.134
MinimumVisualStudioVersion = 10.0.40219.1
Project("{FAE04EC0-301F-11D3-BF4B-00C04F79EFBC}") = "Ventile-Updater", "Ventile-Updater\Ventile-Updater.csproj", "{61D0F24F-4669-4813-A047-7E530C9199F0}"
EndProject
Global
	GlobalSection(SolutionConfigurationPlatforms) = preSolution
		Debug|Any CPU = Debug|Any CPU
		Release|Any CPU = Release|Any CPU
	EndGlobalSection
	GlobalSection(ProjectConfigurationPlatforms) = postSolution
		{61D0F24F-4669-4813-A047-7E530C9199F0}.Debug|Any CPU.ActiveCfg = Debug|Any CPU
		{61D0F24F-4669-4813-A047-7E530C9199F0}.Debug|Any CPU.Build.0 = Debug|Any CPU
		{61D0F24F-4669-4813-A047-7E530C9199F0}.Release|Any CPU.ActiveCfg = Release|Any CPU
		{61D0F24F-4669-4813-A047-7E530C9199F0}.Release|Any CPU.Build.0 = Release|Any CPU
	EndGlobalSection
	GlobalSection(SolutionProperties) = preSolution
		HideSolutionNode = FALSE
	EndGlobalSection
	GlobalSection(ExtensibilityGlobals) = postSolution
		SolutionGuid = {DE2DB046-8863-4755-8C73-409F7A13A09D}
	EndGlobalSection
EndGlobal
